
Microsoft Visual Studio Solution File, Format Version 12.00
# Visual Studio Version 16
VisualStudioVersion = 16.0.29519.87
MinimumVisualStudioVersion = 10.0.40219.1
Project("{FAE04EC0-301F-11D3-BF4B-00C04F79EFBC}") = "teamcity-netcore", "teamcity-netcore\teamcity-netcore.csproj", "{E0289CBD-0484-4AC7-B3D3-CCF6D7BEA5B7}"
EndProject
Global
	GlobalSection(SolutionConfigurationPlatforms) = preSolution
		Debug|Any CPU = Debug|Any CPU
		Release|Any CPU = Release|Any CPU
	EndGlobalSection
	GlobalSection(ProjectConfigurationPlatforms) = postSolution
		{E0289CBD-0484-4AC7-B3D3-CCF6D7BEA5B7}.Debug|Any CPU.ActiveCfg = Debug|Any CPU
		{E0289CBD-0484-4AC7-B3D3-CCF6D7BEA5B7}.Debug|Any CPU.Build.0 = Debug|Any CPU
		{E0289CBD-0484-4AC7-B3D3-CCF6D7BEA5B7}.Release|Any CPU.ActiveCfg = Release|Any CPU
		{E0289CBD-0484-4AC7-B3D3-CCF6D7BEA5B7}.Release|Any CPU.Build.0 = Release|Any CPU
	EndGlobalSection
	GlobalSection(SolutionProperties) = preSolution
		HideSolutionNode = FALSE
	EndGlobalSection
	GlobalSection(ExtensibilityGlobals) = postSolution
		SolutionGuid = {DA22C57D-F965-4F5E-9767-2D92777F9161}
	EndGlobalSection
EndGlobal
